
Microsoft Visual Studio Solution File, Format Version 12.00
# Visual Studio Version 16
VisualStudioVersion = 16.0.30711.63
MinimumVisualStudioVersion = 10.0.40219.1
Project("{FAE04EC0-301F-11D3-BF4B-00C04F79EFBC}") = "XGamer.Domain", "XGamer.Domain\XGamer.Domain.csproj", "{F82759D5-90D6-495D-8CA6-B5DD56C96479}"
EndProject
Project("{FAE04EC0-301F-11D3-BF4B-00C04F79EFBC}") = "XGame.AppConsole", "XGame.AppConsole\XGame.AppConsole.csproj", "{F61826CD-82F5-408A-8D05-1B4E09A9C705}"
EndProject
Global
	GlobalSection(SolutionConfigurationPlatforms) = preSolution
		Debug|Any CPU = Debug|Any CPU
		Release|Any CPU = Release|Any CPU
	EndGlobalSection
	GlobalSection(ProjectConfigurationPlatforms) = postSolution
		{F82759D5-90D6-495D-8CA6-B5DD56C96479}.Debug|Any CPU.ActiveCfg = Debug|Any CPU
		{F82759D5-90D6-495D-8CA6-B5DD56C96479}.Debug|Any CPU.Build.0 = Debug|Any CPU
		{F82759D5-90D6-495D-8CA6-B5DD56C96479}.Release|Any CPU.ActiveCfg = Release|Any CPU
		{F82759D5-90D6-495D-8CA6-B5DD56C96479}.Release|Any CPU.Build.0 = Release|Any CPU
		{F61826CD-82F5-408A-8D05-1B4E09A9C705}.Debug|Any CPU.ActiveCfg = Debug|Any CPU
		{F61826CD-82F5-408A-8D05-1B4E09A9C705}.Debug|Any CPU.Build.0 = Debug|Any CPU
		{F61826CD-82F5-408A-8D05-1B4E09A9C705}.Release|Any CPU.ActiveCfg = Release|Any CPU
		{F61826CD-82F5-408A-8D05-1B4E09A9C705}.Release|Any CPU.Build.0 = Release|Any CPU
	EndGlobalSection
	GlobalSection(SolutionProperties) = preSolution
		HideSolutionNode = FALSE
	EndGlobalSection
	GlobalSection(ExtensibilityGlobals) = postSolution
		SolutionGuid = {AA6ACED7-8172-47EE-BE84-665A813B5EB7}
	EndGlobalSection
EndGlobal
